// !$*UTF8*$!
{
	archiveVersion = 1;
	classes = {
	};
	objectVersion = 50;
	objects = {

/* Begin PBXBuildFile section */
		78A2E272228D431A00E85F17 /* vocab.txt in Resources */ = {isa = PBXBuildFile; fileRef = 78A2E271228D431A00E85F17 /* vocab.txt */; };
		78A2E274228D440E00E85F17 /* GongDanTo.txt in Resources */ = {isa = PBXBuildFile; fileRef = 78A2E273228D440E00E85F17 /* GongDanTo.txt */; };
		78C52C16226DF25F008CFCBD /* AppDelegate.swift in Sources */ = {isa = PBXBuildFile; fileRef = 78C52C15226DF25F008CFCBD /* AppDelegate.swift */; };
		78C52C18226DF25F008CFCBD /* ViewController.swift in Sources */ = {isa = PBXBuildFile; fileRef = 78C52C17226DF25F008CFCBD /* ViewController.swift */; };
		78C52C1B226DF25F008CFCBD /* Main.storyboard in Resources */ = {isa = PBXBuildFile; fileRef = 78C52C19226DF25F008CFCBD /* Main.storyboard */; };
		78C52C1D226DF263008CFCBD /* Assets.xcassets in Resources */ = {isa = PBXBuildFile; fileRef = 78C52C1C226DF263008CFCBD /* Assets.xcassets */; };
		78C52C20226DF263008CFCBD /* LaunchScreen.storyboard in Resources */ = {isa = PBXBuildFile; fileRef = 78C52C1E226DF263008CFCBD /* LaunchScreen.storyboard */; };
/* End PBXBuildFile section */

/* Begin PBXFileReference section */
		78A2E271228D431A00E85F17 /* vocab.txt */ = {isa = PBXFileReference; fileEncoding = 4; lastKnownFileType = text; path = vocab.txt; sourceTree = "<group>"; };
		78A2E273228D440E00E85F17 /* GongDanTo.txt */ = {isa = PBXFileReference; fileEncoding = 4; lastKnownFileType = text; path = GongDanTo.txt; sourceTree = "<group>"; };
		78C52C12226DF25F008CFCBD /* HwpParser.app */ = {isa = PBXFileReference; explicitFileType = wrapper.application; includeInIndex = 0; path = HwpParser.app; sourceTree = BUILT_PRODUCTS_DIR; };
		78C52C15226DF25F008CFCBD /* AppDelegate.swift */ = {isa = PBXFileReference; lastKnownFileType = sourcecode.swift; path = AppDelegate.swift; sourceTree = "<group>"; };
		78C52C17226DF25F008CFCBD /* ViewController.swift */ = {isa = PBXFileReference; lastKnownFileType = sourcecode.swift; path = ViewController.swift; sourceTree = "<group>"; };
		78C52C1A226DF25F008CFCBD /* Base */ = {isa = PBXFileReference; lastKnownFileType = file.storyboard; name = Base; path = Base.lproj/Main.storyboard; sourceTree = "<group>"; };
		78C52C1C226DF263008CFCBD /* Assets.xcassets */ = {isa = PBXFileReference; lastKnownFileType = folder.assetcatalog; path = Assets.xcassets; sourceTree = "<group>"; };
		78C52C1F226DF263008CFCBD /* Base */ = {isa = PBXFileReference; lastKnownFileType = file.storyboard; name = Base; path = Base.lproj/LaunchScreen.storyboard; sourceTree = "<group>"; };
		78C52C21226DF263008CFCBD /* Info.plist */ = {isa = PBXFileReference; lastKnownFileType = text.plist.xml; path = Info.plist; sourceTree = "<group>"; };
/* End PBXFileReference section */

/* Begin PBXFrameworksBuildPhase section */
		78C52C0F226DF25F008CFCBD /* Frameworks */ = {
			isa = PBXFrameworksBuildPhase;
			buildActionMask = 2147483647;
			files = (
			);
			runOnlyForDeploymentPostprocessing = 0;
		};
/* End PBXFrameworksBuildPhase section */

/* Begin PBXGroup section */
		78C52C09226DF25F008CFCBD = {
			isa = PBXGroup;
			children = (
				78C52C14226DF25F008CFCBD /* HwpParser */,
				78C52C13226DF25F008CFCBD /* Products */,
			);
			sourceTree = "<group>";
		};
		78C52C13226DF25F008CFCBD /* Products */ = {
			isa = PBXGroup;
			children = (
				78C52C12226DF25F008CFCBD /* HwpParser.app */,
			);
			name = Products;
			sourceTree = "<group>";
		};
		78C52C14226DF25F008CFCBD /* HwpParser */ = {
			isa = PBXGroup;
			children = (
				78C52C15226DF25F008CFCBD /* AppDelegate.swift */,
				78C52C17226DF25F008CFCBD /* ViewController.swift */,
				78C52C19226DF25F008CFCBD /* Main.storyboard */,
				78C52C1C226DF263008CFCBD /* Assets.xcassets */,
				78A2E271228D431A00E85F17 /* vocab.txt */,
				78A2E273228D440E00E85F17 /* GongDanTo.txt */,
				78C52C1E226DF263008CFCBD /* LaunchScreen.storyboard */,
				78C52C21226DF263008CFCBD /* Info.plist */,
			);
			path = HwpParser;
			sourceTree = "<group>";
		};
/* End PBXGroup section */

/* Begin PBXNativeTarget section */
		78C52C11226DF25F008CFCBD /* HwpParser */ = {
			isa = PBXNativeTarget;
			buildConfigurationList = 78C52C24226DF263008CFCBD /* Build configuration list for PBXNativeTarget "HwpParser" */;
			buildPhases = (
				78C52C0E226DF25F008CFCBD /* Sources */,
				78C52C0F226DF25F008CFCBD /* Frameworks */,
				78C52C10226DF25F008CFCBD /* Resources */,
			);
			buildRules = (
			);
			dependencies = (
			);
			name = HwpParser;
			productName = HwpParser;
			productReference = 78C52C12226DF25F008CFCBD /* HwpParser.app */;
			productType = "com.apple.product-type.application";
		};
/* End PBXNativeTarget section */

/* Begin PBXProject section */
		78C52C0A226DF25F008CFCBD /* Project object */ = {
			isa = PBXProject;
			attributes = {
				LastSwiftUpdateCheck = 1020;
				LastUpgradeCheck = 1020;
				ORGANIZATIONNAME = reyaong;
				TargetAttributes = {
					78C52C11226DF25F008CFCBD = {
						CreatedOnToolsVersion = 10.2;
					};
				};
			};
			buildConfigurationList = 78C52C0D226DF25F008CFCBD /* Build configuration list for PBXProject "HwpParser" */;
			compatibilityVersion = "Xcode 9.3";
			developmentRegion = en;
			hasScannedForEncodings = 0;
			knownRegions = (
				en,
				Base,
			);
			mainGroup = 78C52C09226DF25F008CFCBD;
			productRefGroup = 78C52C13226DF25F008CFCBD /* Products */;
			projectDirPath = "";
			projectRoot = "";
			targets = (
				78C52C11226DF25F008CFCBD /* HwpParser */,
			);
		};
/* End PBXProject section */

/* Begin PBXResourcesBuildPhase section */
		78C52C10226DF25F008CFCBD /* Resources */ = {
			isa = PBXResourcesBuildPhase;
			buildActionMask = 2147483647;
			files = (
				78A2E272228D431A00E85F17 /* vocab.txt in Resources */,
				78C52C20226DF263008CFCBD /* LaunchScreen.storyboard in Resources */,
				78C52C1D226DF263008CFCBD /* Assets.xcassets in Resources */,
				78C52C1B226DF25F008CFCBD /* Main.storyboard in Resources */,
				78A2E274228D440E00E85F17 /* GongDanTo.txt in Resources */,
			);
			runOnlyForDeploymentPostprocessing = 0;
		};
/* End PBXResourcesBuildPhase section */

/* Begin PBXSourcesBuildPhase section */
		78C52C0E226DF25F008CFCBD /* Sources */ = {
			isa = PBXSourcesBuildPhase;
			buildActionMask = 2147483647;
			files = (
				78C52C18226DF25F008CFCBD /* ViewController.swift in Sources */,
				78C52C16226DF25F008CFCBD /* AppDelegate.swift in Sources */,
			);
			runOnlyForDeploymentPostprocessing = 0;
		};
/* End PBXSourcesBuildPhase section */

/* Begin PBXVariantGroup section */
		78C52C19226DF25F008CFCBD /* Main.storyboard */ = {
			isa = PBXVariantGroup;
			children = (
				78C52C1A226DF25F008CFCBD /* Base */,
			);
			name = Main.storyboard;
			sourceTree = "<group>";
		};
		78C52C1E226DF263008CFCBD /* LaunchScreen.storyboard */ = {
			isa = PBXVariantGroup;
			children = (
				78C52C1F226DF263008CFCBD /* Base */,
			);
			name = LaunchScreen.storyboard;
			sourceTree = "<group>";
		};
/* End PBXVariantGroup section */

/* Begin XCBuildConfiguration section */
		78C52C22226DF263008CFCBD /* Debug */ = {
			isa = XCBuildConfiguration;
			buildSettings = {
				ALWAYS_SEARCH_USER_PATHS = NO;
				CLANG_ANALYZER_NONNULL = YES;
				CLANG_ANALYZER_NUMBER_OBJECT_CONVERSION = YES_AGGRESSIVE;
				CLANG_CXX_LANGUAGE_STANDARD = "gnu++14";
				CLANG_CXX_LIBRARY = "libc++";
				CLANG_ENABLE_MODULES = YES;
				CLANG_ENABLE_OBJC_ARC = YES;
				CLANG_ENABLE_OBJC_WEAK = YES;
				CLANG_WARN_BLOCK_CAPTURE_AUTORELEASING = YES;
				CLANG_WARN_BOOL_CONVERSION = YES;
				CLANG_WARN_COMMA = YES;
				CLANG_WARN_CONSTANT_CONVERSION = YES;
				CLANG_WARN_DEPRECATED_OBJC_IMPLEMENTATIONS = YES;
				CLANG_WARN_DIRECT_OBJC_ISA_USAGE = YES_ERROR;
				CLANG_WARN_DOCUMENTATION_COMMENTS = YES;
				CLANG_WARN_EMPTY_BODY = YES;
				CLANG_WARN_ENUM_CONVERSION = YES;
				CLANG_WARN_INFINITE_RECURSION = YES;
				CLANG_WARN_INT_CONVERSION = YES;
				CLANG_WARN_NON_LITERAL_NULL_CONVERSION = YES;
				CLANG_WARN_OBJC_IMPLICIT_RETAIN_SELF = YES;
				CLANG_WARN_OBJC_LITERAL_CONVERSION = YES;
				CLANG_WARN_OBJC_ROOT_CLASS = YES_ERROR;
				CLANG_WARN_RANGE_LOOP_ANALYSIS = YES;
				CLANG_WARN_STRICT_PROTOTYPES = YES;
				CLANG_WARN_SUSPICIOUS_MOVE = YES;
				CLANG_WARN_UNGUARDED_AVAILABILITY = YES_AGGRESSIVE;
				CLANG_WARN_UNREACHABLE_CODE = YES;
				CLANG_WARN__DUPLICATE_METHOD_MATCH = YES;
				CODE_SIGN_IDENTITY = "iPhone Developer";
				COPY_PHASE_STRIP = NO;
				DEBUG_INFORMATION_FORMAT = dwarf;
				ENABLE_STRICT_OBJC_MSGSEND = YES;
				ENABLE_TESTABILITY = YES;
				GCC_C_LANGUAGE_STANDARD = gnu11;
				GCC_DYNAMIC_NO_PIC = NO;
				GCC_NO_COMMON_BLOCKS = YES;
				GCC_OPTIMIZATION_LEVEL = 0;
				GCC_PREPROCESSOR_DEFINITIONS = (
					"DEBUG=1",
					"$(inherited)",
				);
				GCC_WARN_64_TO_32_BIT_CONVERSION = YES;
				GCC_WARN_ABOUT_RETURN_TYPE = YES_ERROR;
				GCC_WARN_UNDECLARED_SELECTOR = YES;
				GCC_WARN_UNINITIALIZED_AUTOS = YES_AGGRESSIVE;
				GCC_WARN_UNUSED_FUNCTION = YES;
				GCC_WARN_UNUSED_VARIABLE = YES;
				IPHONEOS_DEPLOYMENT_TARGET = 12.2;
				MTL_ENABLE_DEBUG_INFO = INCLUDE_SOURCE;
				MTL_FAST_MATH = YES;
				ONLY_ACTIVE_ARCH = YES;
				SDKROOT = iphoneos;
				SWIFT_ACTIVE_COMPILATION_CONDITIONS = DEBUG;
				SWIFT_OPTIMIZATION_LEVEL = "-Onone";
			};
			name = Debug;
		};
		78C52C23226DF263008CFCBD /* Release */ = {
			isa = XCBuildConfiguration;
			buildSettings = {
				ALWAYS_SEARCH_USER_PATHS = NO;
				CLANG_ANALYZER_NONNULL = YES;
				CLANG_ANALYZER_NUMBER_OBJECT_CONVERSION = YES_AGGRESSIVE;
				CLANG_CXX_LANGUAGE_STANDARD = "gnu++14";
				CLANG_CXX_LIBRARY = "libc++";
				CLANG_ENABLE_MODULES = YES;
				CLANG_ENABLE_OBJC_ARC = YES;
				CLANG_ENABLE_OBJC_WEAK = YES;
				CLANG_WARN_BLOCK_CAPTURE_AUTORELEASING = YES;
				CLANG_WARN_BOOL_CONVERSION = YES;
				CLANG_WARN_COMMA = YES;
				CLANG_WARN_CONSTANT_CONVERSION = YES;
				CLANG_WARN_DEPRECATED_OBJC_IMPLEMENTATIONS = YES;
				CLANG_WARN_DIRECT_OBJC_ISA_USAGE = YES_ERROR;
				CLANG_WARN_DOCUMENTATION_COMMENTS = YES;
				CLANG_WARN_EMPTY_BODY = YES;
				CLANG_WARN_ENUM_CONVERSION = YES;
				CLANG_WARN_INFINITE_RECURSION = YES;
				CLANG_WARN_INT_CONVERSION = YES;
				CLANG_WARN_NON_LITERAL_NULL_CONVERSION = YES;
				CLANG_WARN_OBJC_IMPLICIT_RETAIN_SELF = YES;
				CLANG_WARN_OBJC_LITERAL_CONVERSION = YES;
				CLANG_WARN_OBJC_ROOT_CLASS = YES_ERROR;
				CLANG_WARN_RANGE_LOOP_ANALYSIS = YES;
				CLANG_WARN_STRICT_PROTOTYPES = YES;
				CLANG_WARN_SUSPICIOUS_MOVE = YES;
				CLANG_WARN_UNGUARDED_AVAILABILITY = YES_AGGRESSIVE;
				CLANG_WARN_UNREACHABLE_CODE = YES;
				CLANG_WARN__DUPLICATE_METHOD_MATCH = YES;
				CODE_SIGN_IDENTITY = "iPhone Developer";
				COPY_PHASE_STRIP = NO;
				DEBUG_INFORMATION_FORMAT = "dwarf-with-dsym";
				ENABLE_NS_ASSERTIONS = NO;
				ENABLE_STRICT_OBJC_MSGSEND = YES;
				GCC_C_LANGUAGE_STANDARD = gnu11;
				GCC_NO_COMMON_BLOCKS = YES;
				GCC_WARN_64_TO_32_BIT_CONVERSION = YES;
				GCC_WARN_ABOUT_RETURN_TYPE = YES_ERROR;
				GCC_WARN_UNDECLARED_SELECTOR = YES;
				GCC_WARN_UNINITIALIZED_AUTOS = YES_AGGRESSIVE;
				GCC_WARN_UNUSED_FUNCTION = YES;
				GCC_WARN_UNUSED_VARIABLE = YES;
				IPHONEOS_DEPLOYMENT_TARGET = 12.2;
				MTL_ENABLE_DEBUG_INFO = NO;
				MTL_FAST_MATH = YES;
				SDKROOT = iphoneos;
				SWIFT_COMPILATION_MODE = wholemodule;
				SWIFT_OPTIMIZATION_LEVEL = "-O";
				VALIDATE_PRODUCT = YES;
			};
			name = Release;
		};
		78C52C25226DF263008CFCBD /* Debug */ = {
			isa = XCBuildConfiguration;
			buildSettings = {
				ASSETCATALOG_COMPILER_APPICON_NAME = AppIcon;
				CODE_SIGN_STYLE = Automatic;
				DEVELOPMENT_TEAM = P2J6PGJZZ5;
				INFOPLIST_FILE = HwpParser/Info.plist;
				LD_RUNPATH_SEARCH_PATHS = (
					"$(inherited)",
					"@executable_path/Frameworks",
				);
				PRODUCT_BUNDLE_IDENTIFIER = com.reyaong.HwpParser;
				PRODUCT_NAME = "$(TARGET_NAME)";
				SWIFT_VERSION = 5.0;
				TARGETED_DEVICE_FAMILY = "1,2";
			};
			name = Debug;
		};
		78C52C26226DF263008CFCBD /* Release */ = {
			isa = XCBuildConfiguration;
			buildSettings = {
				ASSETCATALOG_COMPILER_APPICON_NAME = AppIcon;
				CODE_SIGN_STYLE = Automatic;
				DEVELOPMENT_TEAM = P2J6PGJZZ5;
				INFOPLIST_FILE = HwpParser/Info.plist;
				LD_RUNPATH_SEARCH_PATHS = (
					"$(inherited)",
					"@executable_path/Frameworks",
				);
				PRODUCT_BUNDLE_IDENTIFIER = com.reyaong.HwpParser;
				PRODUCT_NAME = "$(TARGET_NAME)";
				SWIFT_VERSION = 5.0;
				TARGETED_DEVICE_FAMILY = "1,2";
			};
			name = Release;
		};
/* End XCBuildConfiguration section */

/* Begin XCConfigurationList section */
		78C52C0D226DF25F008CFCBD /* Build configuration list for PBXProject "HwpParser" */ = {
			isa = XCConfigurationList;
			buildConfigurations = (
				78C52C22226DF263008CFCBD /* Debug */,
				78C52C23226DF263008CFCBD /* Release */,
			);
			defaultConfigurationIsVisible = 0;
			defaultConfigurationName = Release;
		};
		78C52C24226DF263008CFCBD /* Build configuration list for PBXNativeTarget "HwpParser" */ = {
			isa = XCConfigurationList;
			buildConfigurations = (
				78C52C25226DF263008CFCBD /* Debug */,
				78C52C26226DF263008CFCBD /* Release */,
			);
			defaultConfigurationIsVisible = 0;
			defaultConfigurationName = Release;
		};
/* End XCConfigurationList section */
	};
	rootObject = 78C52C0A226DF25F008CFCBD /* Project object */;
}
